
Microsoft Visual Studio Solution File, Format Version 12.00
# Visual Studio Version 17
VisualStudioVersion = 17.10.35027.167
MinimumVisualStudioVersion = 10.0.40219.1
Project("{9A19103F-16F7-4668-BE54-9A1E7A4F7556}") = "PruebaSD.WebApi", "PruebaSD.WebApi\PruebaSD.WebApi.csproj", "{AC9EDE7F-4FC3-4CF0-AFF2-72C45ED3B759}"
EndProject
Project("{9A19103F-16F7-4668-BE54-9A1E7A4F7556}") = "PruebaSD.Business", "PruebaSD.Business\PruebaSD.Business.csproj", "{30A91716-E28B-46BB-A349-A6153326C424}"
EndProject
Project("{9A19103F-16F7-4668-BE54-9A1E7A4F7556}") = "PruebaSD.DataAccess", "PruebaSD.DataAccess\PruebaSD.DataAccess.csproj", "{243DE09A-D9D3-4F3C-A27B-2E2A0D9499D9}"
EndProject
Project("{FAE04EC0-301F-11D3-BF4B-00C04F79EFBC}") = "PruebaSD.Entities", "PruebaSD.Entities\PruebaSD.Entities.csproj", "{BE94C9AD-C065-4D6F-B061-E5EBA038FC04}"
EndProject
Global
	GlobalSection(SolutionConfigurationPlatforms) = preSolution
		Debug|Any CPU = Debug|Any CPU
		Release|Any CPU = Release|Any CPU
	EndGlobalSection
	GlobalSection(ProjectConfigurationPlatforms) = postSolution
		{AC9EDE7F-4FC3-4CF0-AFF2-72C45ED3B759}.Debug|Any CPU.ActiveCfg = Debug|Any CPU
		{AC9EDE7F-4FC3-4CF0-AFF2-72C45ED3B759}.Debug|Any CPU.Build.0 = Debug|Any CPU
		{AC9EDE7F-4FC3-4CF0-AFF2-72C45ED3B759}.Release|Any CPU.ActiveCfg = Release|Any CPU
		{AC9EDE7F-4FC3-4CF0-AFF2-72C45ED3B759}.Release|Any CPU.Build.0 = Release|Any CPU
		{30A91716-E28B-46BB-A349-A6153326C424}.Debug|Any CPU.ActiveCfg = Debug|Any CPU
		{30A91716-E28B-46BB-A349-A6153326C424}.Debug|Any CPU.Build.0 = Debug|Any CPU
		{30A91716-E28B-46BB-A349-A6153326C424}.Release|Any CPU.ActiveCfg = Release|Any CPU
		{30A91716-E28B-46BB-A349-A6153326C424}.Release|Any CPU.Build.0 = Release|Any CPU
		{243DE09A-D9D3-4F3C-A27B-2E2A0D9499D9}.Debug|Any CPU.ActiveCfg = Debug|Any CPU
		{243DE09A-D9D3-4F3C-A27B-2E2A0D9499D9}.Debug|Any CPU.Build.0 = Debug|Any CPU
		{243DE09A-D9D3-4F3C-A27B-2E2A0D9499D9}.Release|Any CPU.ActiveCfg = Release|Any CPU
		{243DE09A-D9D3-4F3C-A27B-2E2A0D9499D9}.Release|Any CPU.Build.0 = Release|Any CPU
		{BE94C9AD-C065-4D6F-B061-E5EBA038FC04}.Debug|Any CPU.ActiveCfg = Debug|Any CPU
		{BE94C9AD-C065-4D6F-B061-E5EBA038FC04}.Debug|Any CPU.Build.0 = Debug|Any CPU
		{BE94C9AD-C065-4D6F-B061-E5EBA038FC04}.Release|Any CPU.ActiveCfg = Release|Any CPU
		{BE94C9AD-C065-4D6F-B061-E5EBA038FC04}.Release|Any CPU.Build.0 = Release|Any CPU
	EndGlobalSection
	GlobalSection(SolutionProperties) = preSolution
		HideSolutionNode = FALSE
	EndGlobalSection
	GlobalSection(ExtensibilityGlobals) = postSolution
		SolutionGuid = {404FC340-358B-48F1-8E8D-76C8CB3B57E7}
	EndGlobalSection
EndGlobal
